
Microsoft Visual Studio Solution File, Format Version 12.00
# Visual Studio Version 17
VisualStudioVersion = 17.11.35312.102
MinimumVisualStudioVersion = 10.0.40219.1
Project("{FAE04EC0-301F-11D3-BF4B-00C04F79EFBC}") = "TestingExercici", "TestingExercici\TestingExercici.csproj", "{ED8EA886-DF04-4A2B-BBD6-7B9CEF40E8EF}"
EndProject
Global
	GlobalSection(SolutionConfigurationPlatforms) = preSolution
		Debug|Any CPU = Debug|Any CPU
		Release|Any CPU = Release|Any CPU
	EndGlobalSection
	GlobalSection(ProjectConfigurationPlatforms) = postSolution
		{ED8EA886-DF04-4A2B-BBD6-7B9CEF40E8EF}.Debug|Any CPU.ActiveCfg = Debug|Any CPU
		{ED8EA886-DF04-4A2B-BBD6-7B9CEF40E8EF}.Debug|Any CPU.Build.0 = Debug|Any CPU
		{ED8EA886-DF04-4A2B-BBD6-7B9CEF40E8EF}.Release|Any CPU.ActiveCfg = Release|Any CPU
		{ED8EA886-DF04-4A2B-BBD6-7B9CEF40E8EF}.Release|Any CPU.Build.0 = Release|Any CPU
	EndGlobalSection
	GlobalSection(SolutionProperties) = preSolution
		HideSolutionNode = FALSE
	EndGlobalSection
	GlobalSection(ExtensibilityGlobals) = postSolution
		SolutionGuid = {0A2CAE4B-BC9C-42BB-A96F-97A24FAF741A}
	EndGlobalSection
EndGlobal
